
Microsoft Visual Studio Solution File, Format Version 12.00
# Visual Studio 15
VisualStudioVersion = 15.0.28010.2048
MinimumVisualStudioVersion = 10.0.40219.1
Project("{FAE04EC0-301F-11D3-BF4B-00C04F79EFBC}") = "CrudAsincrono", "CrudAsincrono\CrudAsincrono.csproj", "{3F3783A5-2439-4B08-9915-5E58637C6696}"
EndProject
Global
	GlobalSection(SolutionConfigurationPlatforms) = preSolution
		Debug|Any CPU = Debug|Any CPU
		Release|Any CPU = Release|Any CPU
	EndGlobalSection
	GlobalSection(ProjectConfigurationPlatforms) = postSolution
		{3F3783A5-2439-4B08-9915-5E58637C6696}.Debug|Any CPU.ActiveCfg = Debug|Any CPU
		{3F3783A5-2439-4B08-9915-5E58637C6696}.Debug|Any CPU.Build.0 = Debug|Any CPU
		{3F3783A5-2439-4B08-9915-5E58637C6696}.Release|Any CPU.ActiveCfg = Release|Any CPU
		{3F3783A5-2439-4B08-9915-5E58637C6696}.Release|Any CPU.Build.0 = Release|Any CPU
	EndGlobalSection
	GlobalSection(SolutionProperties) = preSolution
		HideSolutionNode = FALSE
	EndGlobalSection
	GlobalSection(ExtensibilityGlobals) = postSolution
		SolutionGuid = {0497413D-6394-439D-82D9-56C165E1825B}
	EndGlobalSection
EndGlobal
